
Microsoft Visual Studio Solution File, Format Version 12.00
# Visual Studio 15
VisualStudioVersion = 15.0.28307.421
MinimumVisualStudioVersion = 10.0.40219.1
Project("{9A19103F-16F7-4668-BE54-9A1E7A4F7556}") = "Model", "Model\Model.csproj", "{14DDB02B-927C-4AAA-9ED7-4F9834F2267D}"
EndProject
Project("{FAE04EC0-301F-11D3-BF4B-00C04F79EFBC}") = "Application", "Application\Application.csproj", "{C373B1A6-1CB4-4C73-80F7-3AEDD8C09DD9}"
EndProject
Project("{9A19103F-16F7-4668-BE54-9A1E7A4F7556}") = "SQLite", "SQLite\SQLite.csproj", "{3DE66547-6B47-4E1C-B299-E1257837F635}"
EndProject
Project("{9A19103F-16F7-4668-BE54-9A1E7A4F7556}") = "Communication", "Communication\Communication.csproj", "{B7575604-1CA9-47FA-84C8-9E8D2136D5A6}"
EndProject
Project("{9A19103F-16F7-4668-BE54-9A1E7A4F7556}") = "Server", "Server\Server.csproj", "{FD7BF27E-DC4B-4045-9B3A-9E4EED3F913D}"
EndProject
Project("{FAE04EC0-301F-11D3-BF4B-00C04F79EFBC}") = "ConsoleTest", "ConsoleTest\ConsoleTest.csproj", "{D2A6EAD8-750C-4520-8735-16724503F7A9}"
EndProject
Project("{FAE04EC0-301F-11D3-BF4B-00C04F79EFBC}") = "TestWPF", "TestWPF\TestWPF.csproj", "{96C91925-6256-4282-8497-E8856A88AB13}"
EndProject
Project("{FAE04EC0-301F-11D3-BF4B-00C04F79EFBC}") = "Helpers", "Helpers\Helpers.csproj", "{7916D0D0-4EEB-43E9-A4A4-0CB218957EA1}"
EndProject
Global
	GlobalSection(SolutionConfigurationPlatforms) = preSolution
		Debug|Any CPU = Debug|Any CPU
		Release|Any CPU = Release|Any CPU
	EndGlobalSection
	GlobalSection(ProjectConfigurationPlatforms) = postSolution
		{14DDB02B-927C-4AAA-9ED7-4F9834F2267D}.Debug|Any CPU.ActiveCfg = Debug|Any CPU
		{14DDB02B-927C-4AAA-9ED7-4F9834F2267D}.Debug|Any CPU.Build.0 = Debug|Any CPU
		{14DDB02B-927C-4AAA-9ED7-4F9834F2267D}.Release|Any CPU.ActiveCfg = Release|Any CPU
		{14DDB02B-927C-4AAA-9ED7-4F9834F2267D}.Release|Any CPU.Build.0 = Release|Any CPU
		{C373B1A6-1CB4-4C73-80F7-3AEDD8C09DD9}.Debug|Any CPU.ActiveCfg = Debug|Any CPU
		{C373B1A6-1CB4-4C73-80F7-3AEDD8C09DD9}.Debug|Any CPU.Build.0 = Debug|Any CPU
		{C373B1A6-1CB4-4C73-80F7-3AEDD8C09DD9}.Release|Any CPU.ActiveCfg = Release|Any CPU
		{C373B1A6-1CB4-4C73-80F7-3AEDD8C09DD9}.Release|Any CPU.Build.0 = Release|Any CPU
		{3DE66547-6B47-4E1C-B299-E1257837F635}.Debug|Any CPU.ActiveCfg = Debug|Any CPU
		{3DE66547-6B47-4E1C-B299-E1257837F635}.Debug|Any CPU.Build.0 = Debug|Any CPU
		{3DE66547-6B47-4E1C-B299-E1257837F635}.Release|Any CPU.ActiveCfg = Release|Any CPU
		{3DE66547-6B47-4E1C-B299-E1257837F635}.Release|Any CPU.Build.0 = Release|Any CPU
		{B7575604-1CA9-47FA-84C8-9E8D2136D5A6}.Debug|Any CPU.ActiveCfg = Debug|Any CPU
		{B7575604-1CA9-47FA-84C8-9E8D2136D5A6}.Debug|Any CPU.Build.0 = Debug|Any CPU
		{B7575604-1CA9-47FA-84C8-9E8D2136D5A6}.Release|Any CPU.ActiveCfg = Release|Any CPU
		{B7575604-1CA9-47FA-84C8-9E8D2136D5A6}.Release|Any CPU.Build.0 = Release|Any CPU
		{FD7BF27E-DC4B-4045-9B3A-9E4EED3F913D}.Debug|Any CPU.ActiveCfg = Debug|Any CPU
		{FD7BF27E-DC4B-4045-9B3A-9E4EED3F913D}.Debug|Any CPU.Build.0 = Debug|Any CPU
		{FD7BF27E-DC4B-4045-9B3A-9E4EED3F913D}.Release|Any CPU.ActiveCfg = Release|Any CPU
		{FD7BF27E-DC4B-4045-9B3A-9E4EED3F913D}.Release|Any CPU.Build.0 = Release|Any CPU
		{D2A6EAD8-750C-4520-8735-16724503F7A9}.Debug|Any CPU.ActiveCfg = Debug|Any CPU
		{D2A6EAD8-750C-4520-8735-16724503F7A9}.Debug|Any CPU.Build.0 = Debug|Any CPU
		{D2A6EAD8-750C-4520-8735-16724503F7A9}.Release|Any CPU.ActiveCfg = Release|Any CPU
		{D2A6EAD8-750C-4520-8735-16724503F7A9}.Release|Any CPU.Build.0 = Release|Any CPU
		{96C91925-6256-4282-8497-E8856A88AB13}.Debug|Any CPU.ActiveCfg = Debug|Any CPU
		{96C91925-6256-4282-8497-E8856A88AB13}.Debug|Any CPU.Build.0 = Debug|Any CPU
		{96C91925-6256-4282-8497-E8856A88AB13}.Release|Any CPU.ActiveCfg = Release|Any CPU
		{96C91925-6256-4282-8497-E8856A88AB13}.Release|Any CPU.Build.0 = Release|Any CPU
		{7916D0D0-4EEB-43E9-A4A4-0CB218957EA1}.Debug|Any CPU.ActiveCfg = Debug|Any CPU
		{7916D0D0-4EEB-43E9-A4A4-0CB218957EA1}.Debug|Any CPU.Build.0 = Debug|Any CPU
		{7916D0D0-4EEB-43E9-A4A4-0CB218957EA1}.Release|Any CPU.ActiveCfg = Release|Any CPU
		{7916D0D0-4EEB-43E9-A4A4-0CB218957EA1}.Release|Any CPU.Build.0 = Release|Any CPU
	EndGlobalSection
	GlobalSection(SolutionProperties) = preSolution
		HideSolutionNode = FALSE
	EndGlobalSection
	GlobalSection(ExtensibilityGlobals) = postSolution
		SolutionGuid = {4862BC1D-71F1-4E5A-BB7E-DE168E67AA35}
	EndGlobalSection
EndGlobal
